<?xml version="1.0" encoding="UTF-8" standalone="yes" ?>
<CodeBlocks_project_file>
	<FileVersion major="1" minor="6" />
	<Project>
		<Option title="Simul_holo" />
		<Option pch_mode="2" />
		<Option compiler="gcc" />
		<Build>
			<Target title="Debug">
				<Option output="bin/Debug/Simul_holo" prefix_auto="1" extension_auto="1" />
				<Option object_output="obj/Debug/" />
				<Option type="1" />
				<Option compiler="gcc" />
				<Option parameters="/home/mat/Dropbox/Code/Octave/2017/pyramide_double_256.bin" />
				<Compiler>
					<Add option="-g" />
					<Add directory="include" />
				</Compiler>
			</Target>
			<Target title="Release">
				<Option output="bin/Release/Simul_holo" prefix_auto="1" extension_auto="1" />
				<Option object_output="obj/Release/" />
				<Option type="1" />
				<Option compiler="gcc" />
				<Compiler>
					<Add option="-march=corei7" />
					<Add option="-O3" />
					<Add directory="include" />
				</Compiler>
				<Linker>
					<Add option="-s" />
				</Linker>
			</Target>
			<Target title="mint">
				<Option output="bin/Mint20/Simul_holo" prefix_auto="1" extension_auto="1" />
				<Option object_output="obj/Mint20" />
				<Option type="1" />
				<Option compiler="gcc" />
				<Compiler>
					<Add directory="include" />
					<Add directory="/usr/include/opencv4" />
				</Compiler>
				<Linker>
					<Add option="-lpthread -lX11 -lfftw3_threads -lfftw3 -lm -ltiff  `pkg-config --libs opencv4`" />
				</Linker>
			</Target>
		</Build>
		<Compiler>
			<Add option="-Wall `pkg-config --cflags opencv` -fopenmp -fexceptions -std=c++17" />
			<Add directory="/usr/include/opencv2/" />
		</Compiler>
		<Linker>
			<Add option="-lpthread -lX11 -lgomp -lfftw3_threads -lfftw3 -lm -ltiff  `pkg-config --libs opencv`" />
		</Linker>
		<Unit filename="include/FFTW_init.h" />
		<Unit filename="include/FFT_fonctions.h" />
		<Unit filename="include/OTF.h" />
		<Unit filename="include/Obj3D.h" />
		<Unit filename="include/Point2D.h" />
		<Unit filename="include/Point3D.h" />
		<Unit filename="include/champCplx_functions.h" />
		<Unit filename="include/fonctions.h" />
		<Unit filename="include/manip.h" />
		<Unit filename="include/projet.h" />
		<Unit filename="include/struct.h" />
		<Unit filename="include/tiff_functions.h" />
		<Unit filename="main.cpp" />
		<Unit filename="src/FFTW_init.cpp" />
		<Unit filename="src/FFT_fonctions.cpp" />
		<Unit filename="src/OTF.cpp" />
		<Unit filename="src/Obj3D.cpp" />
		<Unit filename="src/Point2D.cpp" />
		<Unit filename="src/Point3D.cpp" />
		<Unit filename="src/champCplx_functions.cpp" />
		<Unit filename="src/fonctions.cpp" />
		<Unit filename="src/manip.cpp" />
		<Unit filename="src/tiff_functions.cpp" />
		<Extensions>
			<lib_finder disable_auto="1" />
		</Extensions>
	</Project>
</CodeBlocks_project_file>
