<?xml version="1.0" encoding="UTF-8" standalone="yes" ?>
<CodeBlocks_project_file>
	<FileVersion major="1" minor="6" />
	<Project>
		<Option title="Reconstruction" />
		<Option pch_mode="2" />
		<Option compiler="gcc" />
		<Build>
			<Target title="Debug">
				<Option output="bin/Debug/tomo_reconstruction_debug" prefix_auto="1" extension_auto="1" />
				<Option object_output="obj/Debug/" />
				<Option type="1" />
				<Option compiler="gcc" />
				<Option parameters="-i /opt/resultat2014/TOMOout_hd/ACQUIS/ -c 840 560" />
				<Compiler>
					<Add option="-pg" />
					<Add option="-g" />
					<Add option="-no-pie" />
				</Compiler>
				<Linker>
					<Add option="-pg" />
					<Add option="-no-pie `pkg-config --cflags --libs opencv` -lpthread -lm -lopencv_core -lopencv_imgproc" />
					<Add option="-lopencv_highgui -ltiff -pg" />
					<Add library="/usr/lib/x86_64-linux-gnu/libfftw3.so" />
					<Add library="/usr/lib/x86_64-linux-gnu/libfftw3_threads.so" />
				</Linker>
			</Target>
			<Target title="Release">
				<Option output="bin/Release/tomo_reconstruction" prefix_auto="1" extension_auto="1" />
				<Option object_output="obj/Release/" />
				<Option type="1" />
				<Option compiler="gcc" />
				<Compiler>
					<Add option="-march=corei7-avx" />
					<Add option="-fexpensive-optimizations" />
					<Add option="-O3" />
				</Compiler>
				<Linker>
					<Add option="`pkg-config --cflags --libs opencv` -lpthread -lm -lopencv_core -lopencv_imgproc" />
					<Add option="-lopencv_highgui -ltiff" />
				</Linker>
			</Target>
		</Build>
		<Compiler>
			<Add option="-march=corei7-avx" />
			<Add option="-fexpensive-optimizations" />
			<Add option="-O3" />
			<Add option="-fexceptions -lpthread -std=c++11 -fopenmp" />
			<Add directory="/usr/include/opencv" />
			<Add directory="include" />
			<Add directory="." />
		</Compiler>
		<Linker>
			<Add option="`pkg-config --cflags --libs opencv` -lpthread -lgomp -ltiff" />
			<Add library="/usr/lib/x86_64-linux-gnu/libfftw3.so" />
			<Add library="/usr/lib/x86_64-linux-gnu/libfftw3_threads.so" />
		</Linker>
		<Unit filename="deroulement.cpp" />
		<Unit filename="deroulement.h" />
		<Unit filename="fonctions.cpp" />
		<Unit filename="fonctions.h" />
		<Unit filename="include/FFT_encaps.h" />
		<Unit filename="include/FFT_fonctions.h" />
		<Unit filename="include/Point2D.h" />
		<Unit filename="include/Point3D.h" />
		<Unit filename="include/manip.h" />
		<Unit filename="main.cpp" />
		<Unit filename="projet.h" />
		<Unit filename="src/FFT_encaps.cpp" />
		<Unit filename="src/FFT_fonctions.cpp" />
		<Unit filename="src/Point2D.cpp" />
		<Unit filename="src/Point3D.cpp" />
		<Unit filename="src/manip.cpp" />
		<Unit filename="struct.h" />
		<Extensions>
			<code_completion />
			<debugger />
			<envvars />
		</Extensions>
	</Project>
</CodeBlocks_project_file>
