<?xml version="1.0" encoding="UTF-8" standalone="yes" ?>
<CodeBlocks_project_file>
	<FileVersion major="1" minor="6" />
	<Project>
		<Option title="show_fourier_PP" />
		<Option pch_mode="2" />
		<Option compiler="gcc" />
		<Build>
			<Target title="Debug">
				<Option output="bin/Debug/show_fourier_PP" prefix_auto="1" extension_auto="1" />
				<Option object_output="obj/Debug/" />
				<Option type="1" />
				<Option compiler="gcc" />
				<Compiler>
					<Add option="-g" />
					<Add directory="/usr/include/opencv" />
				</Compiler>
			</Target>
			<Target title="Release">
				<Option output="bin/Release/show_fourier_PP" prefix_auto="1" extension_auto="1" />
				<Option object_output="obj/Release/" />
				<Option type="1" />
				<Option compiler="gcc" />
				<Option parameters="-r 110 -c 745 233" />
				<Compiler>
					<Add option="-fexpensive-optimizations" />
					<Add option="-O3" />
					<Add option="-static" />
				</Compiler>
				<Linker>
					<Add option="-s" />
				</Linker>
			</Target>
		</Build>
		<Compiler>
			<Add option="-Wall" />
			<Add option="-fexceptions -std=c++11" />
			<Add option="-D_UNIX_ -D_LINUX_" />
			<Add directory="/opt/pleora/ebus_sdk/Ubuntu-x86_64/include" />
			<Add directory="include/john" />
			<Add directory="include" />
		</Compiler>
		<Linker>
			<Add option="`pkg-config --cflags --libs opencv` -lpthread -lm -lboost_system -lboost_filesystem -lboost_chrono  -lPvBase -lPvDevice -lPvBuffer -lPvGenICam" />
			<Add option="-lPvStream -lPvTransmitter -lPvVirtualDevice -lfftw3 -lfftw3_threads -lPvSystem -lPvCameraBridge" />
			<Add option="-lPvAppUtils -lPvPersistence -lPvSerial -lPvGUI -lSimpleImagingLib -lboost_thread" />
			<Add library="/usr/lib/x86_64-linux-gnu/libtiff.so" />
			<Add library="/usr/lib/x86_64-linux-gnu/libfftw3.so" />
			<Add library="/usr/lib/x86_64-linux-gnu/libfftw3_threads.so" />
			<Add directory="/opt/pleora/ebus_sdk/Ubuntu-x86_64/lib" />
		</Linker>
		<Unit filename="include/fonctions.h" />
		<Unit filename="include/manip.h" />
		<Unit filename="include/projet.h" />
		<Unit filename="include/struct.h" />
		<Unit filename="main.cpp" />
		<Unit filename="src/fonctions.cpp" />
		<Unit filename="src/manip.cpp" />
		<Extensions>
			<envvars />
			<code_completion />
			<lib_finder disable_auto="1" />
			<debugger />
		</Extensions>
	</Project>
</CodeBlocks_project_file>
