<?xml version="1.0" encoding="UTF-8" standalone="yes" ?>
<CodeBlocks_project_file>
	<FileVersion major="1" minor="6" />
	<Project>
		<Option title="pretraitement_hors_axe_2020" />
		<Option pch_mode="2" />
		<Option compiler="gcc" />
		<Build>
			<Target title="Debug">
				<Option output="bin/Release_opencv3/pretaitement_hors_axe" prefix_auto="1" extension_auto="1" />
				<Option object_output="obj/Debug/" />
				<Option type="1" />
				<Option compiler="gcc" />
				<Compiler>
					<Add option="-pg" />
					<Add option="-g" />
				</Compiler>
				<Linker>
					<Add option="-pg" />
				</Linker>
			</Target>
			<Target title="Release">
				<Option output="bin/Release/pretraitement_hors_axe" prefix_auto="1" extension_auto="1" />
				<Option object_output="obj/Release/" />
				<Option type="1" />
				<Option compiler="gcc" />
				<Compiler>
					<Add option="-march=corei7-avx" />
					<Add option="-fexpensive-optimizations" />
					<Add option="-O3" />
				</Compiler>
			</Target>
			<Target title="Release_opencv3">
				<Option output="bin/Release_opencv3/pretraitement_hors_axe" prefix_auto="1" extension_auto="1" />
				<Option object_output="obj/Release_opencv3" />
				<Option type="1" />
				<Option compiler="gcc" />
				<Compiler>
					<Add option="-march=k8" />
					<Add option="-O3" />
					<Add directory="/usr/include/opencv2" />
				</Compiler>
			</Target>
		</Build>
		<Compiler>
			<Add option="-Wall" />
			<Add option="-fexceptions  -fopenmp  -lpthread -std=c++11 `pkg-config --cppflags opencv`  -mveclibabi=svml" />
			<Add directory="/usr/include/opencv4" />
			<Add directory="include" />
			<Add directory="." />
			<Add directory="src" />
		</Compiler>
		<Linker>
			<Add option="`pkg-config --libs opencv`  -lpthread -lm -lgomp  -lopencv_core -lopencv_imgproc -lopencv_imgcodecs" />
			<Add option="-lopencv_highgui -ltiff  -lfftw3 -lfftw3_threads" />
			<Add library="/usr/lib/x86_64-linux-gnu/libfftw3.so" />
			<Add library="/usr/lib/x86_64-linux-gnu/libfftw3_threads.so" />
			<Add directory="/usr/lib/x86_64-linux-gnu/" />
		</Linker>
		<Unit filename="Correction_aberration.cpp" />
		<Unit filename="Correction_aberration.h" />
		<Unit filename="FFT_fonctions.cpp" />
		<Unit filename="FFT_fonctions.h" />
		<Unit filename="deroulement_herraez.cpp" />
		<Unit filename="deroulement_herraez.h" />
		<Unit filename="fonctions.cpp" />
		<Unit filename="fonctions.h" />
		<Unit filename="include/FFTW_init.h" />
		<Unit filename="include/IO_fonctions.h" />
		<Unit filename="include/Point2D.h" />
		<Unit filename="include/deroulement_volkov2.h" />
		<Unit filename="include/deroulement_volkov3.h" />
		<Unit filename="include/struct.h" />
		<Unit filename="include/vecteur.h" />
		<Unit filename="main.cpp" />
		<Unit filename="manip.cpp" />
		<Unit filename="manip.h" />
		<Unit filename="projet.h" />
		<Unit filename="src/FFTW_init.cpp" />
		<Unit filename="src/IO_fonctions.cpp" />
		<Unit filename="src/Point2D.cpp" />
		<Unit filename="src/deroulement_volkov2.cpp" />
		<Unit filename="src/deroulement_volkov3.cpp" />
		<Unit filename="src/vecteur.cpp" />
		<Extensions>
			<lib_finder disable_auto="1" />
			<envvars />
			<code_completion />
			<debugger />
		</Extensions>
	</Project>
</CodeBlocks_project_file>
